
Microsoft Visual Studio Solution File, Format Version 12.00
# Visual Studio 2012
Project("{2150E333-8FDC-42A3-9474-1A3956D46DE8}") = "Presentation", "Presentation", "{62133C0E-5F63-4806-9045-493E7DE66987}"
EndProject
Project("{2150E333-8FDC-42A3-9474-1A3956D46DE8}") = "Infrastructure", "Infrastructure", "{8E43686D-CA1E-4E25-8BC4-914083F92B01}"
EndProject
Project("{2150E333-8FDC-42A3-9474-1A3956D46DE8}") = "Core", "Core", "{4F595B7D-1EC4-4788-9C3D-7F620498BE7A}"
EndProject
Project("{FAE04EC0-301F-11D3-BF4B-00C04F79EFBC}") = "OSTUSA.Xamarin.Core", "OSTUSA.Xamarin.Core\OSTUSA.Xamarin.Core.csproj", "{6A2E00E5-A9E7-4F07-9D9C-1E183A4F202F}"
EndProject
Project("{FAE04EC0-301F-11D3-BF4B-00C04F79EFBC}") = "OSTUSA.Xamarin.IoC", "OSTUSA.Xamarin.IoC\OSTUSA.Xamarin.IoC.csproj", "{E5F51731-7A34-4358-A0B4-5F3B7AA076F4}"
EndProject
Project("{FAE04EC0-301F-11D3-BF4B-00C04F79EFBC}") = "OSTUSA.Xamarin.Services", "OSTUSA.Xamarin.Services\OSTUSA.Xamarin.Services.csproj", "{DB7AFF62-3E11-4EC4-889D-0F69991ED0CE}"
EndProject
Project("{FAE04EC0-301F-11D3-BF4B-00C04F79EFBC}") = "OSTUSA.Xamarin.Services.Implementation", "OSTUSA.Xamarin.Services.Implementation\OSTUSA.Xamarin.Services.Implementation.csproj", "{8DDB6C32-A49A-47E3-B921-1D66DD89D878}"
EndProject
Project("{FAE04EC0-301F-11D3-BF4B-00C04F79EFBC}") = "OSTUSA.Xamarin.Services.Implementation.Droid", "OSTUSA.Xamarin.Services.Implementation.Droid\OSTUSA.Xamarin.Services.Implementation.Droid.csproj", "{7A2322E6-13F4-47B7-9865-B65D8D695F5B}"
EndProject
Project("{FAE04EC0-301F-11D3-BF4B-00C04F79EFBC}") = "OSTUSA.Xamarin.Services.Implementation.iOS", "OSTUSA.Xamarin.Services.Implementation.iOS\OSTUSA.Xamarin.Services.Implementation.iOS.csproj", "{8996AB97-5BD3-4DE0-83F3-C63C83171497}"
EndProject
Project("{FAE04EC0-301F-11D3-BF4B-00C04F79EFBC}") = "OSTUSA.Xamarin.DemoApp", "OSTUSA.Xamarin.DemoApp\OSTUSA.Xamarin.DemoApp.csproj", "{E1DD214C-D079-461C-AF18-0652CFC77C27}"
EndProject
Project("{FAE04EC0-301F-11D3-BF4B-00C04F79EFBC}") = "OSTUSA.Xamarin.DemoApp.Droid", "OSTUSA.Xamarin.DemoApp.Droid\OSTUSA.Xamarin.DemoApp.Droid.csproj", "{979DDEE5-2A68-4D08-A5E7-F4D2BDCAF081}"
EndProject
Project("{FAE04EC0-301F-11D3-BF4B-00C04F79EFBC}") = "OSTUSA.Xamarin.DemoApp.iOS", "OSTUSA.Xamarin.DemoApp.iOS\OSTUSA.Xamarin.DemoApp.iOS.csproj", "{2F195EC9-3524-44AC-BDE9-0F4503F2CE26}"
EndProject
Global
	GlobalSection(SolutionConfigurationPlatforms) = preSolution
		Debug|Any CPU = Debug|Any CPU
		Release|Any CPU = Release|Any CPU
		Debug|iPhoneSimulator = Debug|iPhoneSimulator
		Release|iPhone = Release|iPhone
		Release|iPhoneSimulator = Release|iPhoneSimulator
		Debug|iPhone = Debug|iPhone
		Release_Delay_Sign|Any CPU = Release_Delay_Sign|Any CPU
	EndGlobalSection
	GlobalSection(ProjectConfigurationPlatforms) = postSolution
		{6A2E00E5-A9E7-4F07-9D9C-1E183A4F202F}.Debug|Any CPU.ActiveCfg = Debug|Any CPU
		{6A2E00E5-A9E7-4F07-9D9C-1E183A4F202F}.Debug|Any CPU.Build.0 = Debug|Any CPU
		{6A2E00E5-A9E7-4F07-9D9C-1E183A4F202F}.Release|Any CPU.ActiveCfg = Release|Any CPU
		{6A2E00E5-A9E7-4F07-9D9C-1E183A4F202F}.Release|Any CPU.Build.0 = Release|Any CPU
		{6A2E00E5-A9E7-4F07-9D9C-1E183A4F202F}.Debug|iPhoneSimulator.ActiveCfg = Debug|Any CPU
		{6A2E00E5-A9E7-4F07-9D9C-1E183A4F202F}.Debug|iPhoneSimulator.Build.0 = Debug|Any CPU
		{6A2E00E5-A9E7-4F07-9D9C-1E183A4F202F}.Release|iPhone.ActiveCfg = Release|Any CPU
		{6A2E00E5-A9E7-4F07-9D9C-1E183A4F202F}.Release|iPhone.Build.0 = Release|Any CPU
		{6A2E00E5-A9E7-4F07-9D9C-1E183A4F202F}.Release|iPhoneSimulator.ActiveCfg = Release|Any CPU
		{6A2E00E5-A9E7-4F07-9D9C-1E183A4F202F}.Release|iPhoneSimulator.Build.0 = Release|Any CPU
		{6A2E00E5-A9E7-4F07-9D9C-1E183A4F202F}.Debug|iPhone.ActiveCfg = Debug|Any CPU
		{6A2E00E5-A9E7-4F07-9D9C-1E183A4F202F}.Debug|iPhone.Build.0 = Debug|Any CPU
		{6A2E00E5-A9E7-4F07-9D9C-1E183A4F202F}.Release_Delay_Sign|Any CPU.ActiveCfg = Debug|Any CPU
		{6A2E00E5-A9E7-4F07-9D9C-1E183A4F202F}.Release_Delay_Sign|Any CPU.Build.0 = Debug|Any CPU
		{E5F51731-7A34-4358-A0B4-5F3B7AA076F4}.Debug|Any CPU.ActiveCfg = Debug|Any CPU
		{E5F51731-7A34-4358-A0B4-5F3B7AA076F4}.Debug|Any CPU.Build.0 = Debug|Any CPU
		{E5F51731-7A34-4358-A0B4-5F3B7AA076F4}.Release|Any CPU.ActiveCfg = Release|Any CPU
		{E5F51731-7A34-4358-A0B4-5F3B7AA076F4}.Release|Any CPU.Build.0 = Release|Any CPU
		{E5F51731-7A34-4358-A0B4-5F3B7AA076F4}.Debug|iPhoneSimulator.ActiveCfg = Debug|Any CPU
		{E5F51731-7A34-4358-A0B4-5F3B7AA076F4}.Debug|iPhoneSimulator.Build.0 = Debug|Any CPU
		{E5F51731-7A34-4358-A0B4-5F3B7AA076F4}.Release|iPhone.ActiveCfg = Release|Any CPU
		{E5F51731-7A34-4358-A0B4-5F3B7AA076F4}.Release|iPhone.Build.0 = Release|Any CPU
		{E5F51731-7A34-4358-A0B4-5F3B7AA076F4}.Release|iPhoneSimulator.ActiveCfg = Release|Any CPU
		{E5F51731-7A34-4358-A0B4-5F3B7AA076F4}.Release|iPhoneSimulator.Build.0 = Release|Any CPU
		{E5F51731-7A34-4358-A0B4-5F3B7AA076F4}.Debug|iPhone.ActiveCfg = Debug|Any CPU
		{E5F51731-7A34-4358-A0B4-5F3B7AA076F4}.Debug|iPhone.Build.0 = Debug|Any CPU
		{E5F51731-7A34-4358-A0B4-5F3B7AA076F4}.Release_Delay_Sign|Any CPU.ActiveCfg = Debug|Any CPU
		{E5F51731-7A34-4358-A0B4-5F3B7AA076F4}.Release_Delay_Sign|Any CPU.Build.0 = Debug|Any CPU
		{DB7AFF62-3E11-4EC4-889D-0F69991ED0CE}.Debug|Any CPU.ActiveCfg = Debug|Any CPU
		{DB7AFF62-3E11-4EC4-889D-0F69991ED0CE}.Debug|Any CPU.Build.0 = Debug|Any CPU
		{DB7AFF62-3E11-4EC4-889D-0F69991ED0CE}.Release|Any CPU.ActiveCfg = Release|Any CPU
		{DB7AFF62-3E11-4EC4-889D-0F69991ED0CE}.Release|Any CPU.Build.0 = Release|Any CPU
		{DB7AFF62-3E11-4EC4-889D-0F69991ED0CE}.Debug|iPhoneSimulator.ActiveCfg = Debug|Any CPU
		{DB7AFF62-3E11-4EC4-889D-0F69991ED0CE}.Debug|iPhoneSimulator.Build.0 = Debug|Any CPU
		{DB7AFF62-3E11-4EC4-889D-0F69991ED0CE}.Release|iPhone.ActiveCfg = Release|Any CPU
		{DB7AFF62-3E11-4EC4-889D-0F69991ED0CE}.Release|iPhone.Build.0 = Release|Any CPU
		{DB7AFF62-3E11-4EC4-889D-0F69991ED0CE}.Release|iPhoneSimulator.ActiveCfg = Release|Any CPU
		{DB7AFF62-3E11-4EC4-889D-0F69991ED0CE}.Release|iPhoneSimulator.Build.0 = Release|Any CPU
		{DB7AFF62-3E11-4EC4-889D-0F69991ED0CE}.Debug|iPhone.ActiveCfg = Debug|Any CPU
		{DB7AFF62-3E11-4EC4-889D-0F69991ED0CE}.Debug|iPhone.Build.0 = Debug|Any CPU
		{DB7AFF62-3E11-4EC4-889D-0F69991ED0CE}.Release_Delay_Sign|Any CPU.ActiveCfg = Debug|Any CPU
		{DB7AFF62-3E11-4EC4-889D-0F69991ED0CE}.Release_Delay_Sign|Any CPU.Build.0 = Debug|Any CPU
		{8DDB6C32-A49A-47E3-B921-1D66DD89D878}.Debug|Any CPU.ActiveCfg = Debug|Any CPU
		{8DDB6C32-A49A-47E3-B921-1D66DD89D878}.Debug|Any CPU.Build.0 = Debug|Any CPU
		{8DDB6C32-A49A-47E3-B921-1D66DD89D878}.Release|Any CPU.ActiveCfg = Release|Any CPU
		{8DDB6C32-A49A-47E3-B921-1D66DD89D878}.Release|Any CPU.Build.0 = Release|Any CPU
		{8DDB6C32-A49A-47E3-B921-1D66DD89D878}.Debug|iPhoneSimulator.ActiveCfg = Debug|Any CPU
		{8DDB6C32-A49A-47E3-B921-1D66DD89D878}.Debug|iPhoneSimulator.Build.0 = Debug|Any CPU
		{8DDB6C32-A49A-47E3-B921-1D66DD89D878}.Release|iPhone.ActiveCfg = Release|Any CPU
		{8DDB6C32-A49A-47E3-B921-1D66DD89D878}.Release|iPhone.Build.0 = Release|Any CPU
		{8DDB6C32-A49A-47E3-B921-1D66DD89D878}.Release|iPhoneSimulator.ActiveCfg = Release|Any CPU
		{8DDB6C32-A49A-47E3-B921-1D66DD89D878}.Release|iPhoneSimulator.Build.0 = Release|Any CPU
		{8DDB6C32-A49A-47E3-B921-1D66DD89D878}.Debug|iPhone.ActiveCfg = Debug|Any CPU
		{8DDB6C32-A49A-47E3-B921-1D66DD89D878}.Debug|iPhone.Build.0 = Debug|Any CPU
		{8DDB6C32-A49A-47E3-B921-1D66DD89D878}.Release_Delay_Sign|Any CPU.ActiveCfg = Debug|Any CPU
		{8DDB6C32-A49A-47E3-B921-1D66DD89D878}.Release_Delay_Sign|Any CPU.Build.0 = Debug|Any CPU
		{7A2322E6-13F4-47B7-9865-B65D8D695F5B}.Debug|Any CPU.ActiveCfg = Debug|Any CPU
		{7A2322E6-13F4-47B7-9865-B65D8D695F5B}.Debug|Any CPU.Build.0 = Debug|Any CPU
		{7A2322E6-13F4-47B7-9865-B65D8D695F5B}.Release|Any CPU.ActiveCfg = Release|Any CPU
		{7A2322E6-13F4-47B7-9865-B65D8D695F5B}.Release|Any CPU.Build.0 = Release|Any CPU
		{7A2322E6-13F4-47B7-9865-B65D8D695F5B}.Debug|iPhoneSimulator.ActiveCfg = Debug|Any CPU
		{7A2322E6-13F4-47B7-9865-B65D8D695F5B}.Debug|iPhoneSimulator.Build.0 = Debug|Any CPU
		{7A2322E6-13F4-47B7-9865-B65D8D695F5B}.Release|iPhone.ActiveCfg = Release|Any CPU
		{7A2322E6-13F4-47B7-9865-B65D8D695F5B}.Release|iPhone.Build.0 = Release|Any CPU
		{7A2322E6-13F4-47B7-9865-B65D8D695F5B}.Release|iPhoneSimulator.ActiveCfg = Release|Any CPU
		{7A2322E6-13F4-47B7-9865-B65D8D695F5B}.Release|iPhoneSimulator.Build.0 = Release|Any CPU
		{7A2322E6-13F4-47B7-9865-B65D8D695F5B}.Debug|iPhone.ActiveCfg = Debug|Any CPU
		{7A2322E6-13F4-47B7-9865-B65D8D695F5B}.Debug|iPhone.Build.0 = Debug|Any CPU
		{7A2322E6-13F4-47B7-9865-B65D8D695F5B}.Release_Delay_Sign|Any CPU.ActiveCfg = Debug|Any CPU
		{7A2322E6-13F4-47B7-9865-B65D8D695F5B}.Release_Delay_Sign|Any CPU.Build.0 = Debug|Any CPU
		{8996AB97-5BD3-4DE0-83F3-C63C83171497}.Debug|Any CPU.ActiveCfg = Debug|Any CPU
		{8996AB97-5BD3-4DE0-83F3-C63C83171497}.Debug|Any CPU.Build.0 = Debug|Any CPU
		{8996AB97-5BD3-4DE0-83F3-C63C83171497}.Release|Any CPU.ActiveCfg = Release|Any CPU
		{8996AB97-5BD3-4DE0-83F3-C63C83171497}.Release|Any CPU.Build.0 = Release|Any CPU
		{8996AB97-5BD3-4DE0-83F3-C63C83171497}.Debug|iPhoneSimulator.ActiveCfg = Debug|Any CPU
		{8996AB97-5BD3-4DE0-83F3-C63C83171497}.Debug|iPhoneSimulator.Build.0 = Debug|Any CPU
		{8996AB97-5BD3-4DE0-83F3-C63C83171497}.Release|iPhone.ActiveCfg = Release|Any CPU
		{8996AB97-5BD3-4DE0-83F3-C63C83171497}.Release|iPhone.Build.0 = Release|Any CPU
		{8996AB97-5BD3-4DE0-83F3-C63C83171497}.Release|iPhoneSimulator.ActiveCfg = Release|Any CPU
		{8996AB97-5BD3-4DE0-83F3-C63C83171497}.Release|iPhoneSimulator.Build.0 = Release|Any CPU
		{8996AB97-5BD3-4DE0-83F3-C63C83171497}.Debug|iPhone.ActiveCfg = Debug|Any CPU
		{8996AB97-5BD3-4DE0-83F3-C63C83171497}.Debug|iPhone.Build.0 = Debug|Any CPU
		{8996AB97-5BD3-4DE0-83F3-C63C83171497}.Release_Delay_Sign|Any CPU.ActiveCfg = Debug|Any CPU
		{8996AB97-5BD3-4DE0-83F3-C63C83171497}.Release_Delay_Sign|Any CPU.Build.0 = Debug|Any CPU
		{E1DD214C-D079-461C-AF18-0652CFC77C27}.Debug|Any CPU.ActiveCfg = Debug|Any CPU
		{E1DD214C-D079-461C-AF18-0652CFC77C27}.Debug|Any CPU.Build.0 = Debug|Any CPU
		{E1DD214C-D079-461C-AF18-0652CFC77C27}.Release|Any CPU.ActiveCfg = Release|Any CPU
		{E1DD214C-D079-461C-AF18-0652CFC77C27}.Release|Any CPU.Build.0 = Release|Any CPU
		{E1DD214C-D079-461C-AF18-0652CFC77C27}.Debug|iPhoneSimulator.ActiveCfg = Debug|Any CPU
		{E1DD214C-D079-461C-AF18-0652CFC77C27}.Debug|iPhoneSimulator.Build.0 = Debug|Any CPU
		{E1DD214C-D079-461C-AF18-0652CFC77C27}.Release|iPhone.ActiveCfg = Release|Any CPU
		{E1DD214C-D079-461C-AF18-0652CFC77C27}.Release|iPhone.Build.0 = Release|Any CPU
		{E1DD214C-D079-461C-AF18-0652CFC77C27}.Release|iPhoneSimulator.ActiveCfg = Release|Any CPU
		{E1DD214C-D079-461C-AF18-0652CFC77C27}.Release|iPhoneSimulator.Build.0 = Release|Any CPU
		{E1DD214C-D079-461C-AF18-0652CFC77C27}.Debug|iPhone.ActiveCfg = Debug|Any CPU
		{E1DD214C-D079-461C-AF18-0652CFC77C27}.Debug|iPhone.Build.0 = Debug|Any CPU
		{E1DD214C-D079-461C-AF18-0652CFC77C27}.Release_Delay_Sign|Any CPU.ActiveCfg = Debug|Any CPU
		{E1DD214C-D079-461C-AF18-0652CFC77C27}.Release_Delay_Sign|Any CPU.Build.0 = Debug|Any CPU
		{979DDEE5-2A68-4D08-A5E7-F4D2BDCAF081}.Debug|Any CPU.ActiveCfg = Debug|Any CPU
		{979DDEE5-2A68-4D08-A5E7-F4D2BDCAF081}.Debug|Any CPU.Build.0 = Debug|Any CPU
		{979DDEE5-2A68-4D08-A5E7-F4D2BDCAF081}.Release|Any CPU.ActiveCfg = Release|Any CPU
		{979DDEE5-2A68-4D08-A5E7-F4D2BDCAF081}.Release|Any CPU.Build.0 = Release|Any CPU
		{979DDEE5-2A68-4D08-A5E7-F4D2BDCAF081}.Debug|iPhoneSimulator.ActiveCfg = Debug|Any CPU
		{979DDEE5-2A68-4D08-A5E7-F4D2BDCAF081}.Debug|iPhoneSimulator.Build.0 = Debug|Any CPU
		{979DDEE5-2A68-4D08-A5E7-F4D2BDCAF081}.Release|iPhone.ActiveCfg = Release|Any CPU
		{979DDEE5-2A68-4D08-A5E7-F4D2BDCAF081}.Release|iPhone.Build.0 = Release|Any CPU
		{979DDEE5-2A68-4D08-A5E7-F4D2BDCAF081}.Release|iPhoneSimulator.ActiveCfg = Release|Any CPU
		{979DDEE5-2A68-4D08-A5E7-F4D2BDCAF081}.Release|iPhoneSimulator.Build.0 = Release|Any CPU
		{979DDEE5-2A68-4D08-A5E7-F4D2BDCAF081}.Debug|iPhone.ActiveCfg = Debug|Any CPU
		{979DDEE5-2A68-4D08-A5E7-F4D2BDCAF081}.Debug|iPhone.Build.0 = Debug|Any CPU
		{979DDEE5-2A68-4D08-A5E7-F4D2BDCAF081}.Release_Delay_Sign|Any CPU.ActiveCfg = Debug|Any CPU
		{979DDEE5-2A68-4D08-A5E7-F4D2BDCAF081}.Release_Delay_Sign|Any CPU.Build.0 = Debug|Any CPU
		{2F195EC9-3524-44AC-BDE9-0F4503F2CE26}.Debug|Any CPU.ActiveCfg = Debug|iPhoneSimulator
		{2F195EC9-3524-44AC-BDE9-0F4503F2CE26}.Debug|Any CPU.Build.0 = Debug|iPhoneSimulator
		{2F195EC9-3524-44AC-BDE9-0F4503F2CE26}.Release|Any CPU.ActiveCfg = Release|iPhone
		{2F195EC9-3524-44AC-BDE9-0F4503F2CE26}.Release|Any CPU.Build.0 = Release|iPhone
		{2F195EC9-3524-44AC-BDE9-0F4503F2CE26}.Debug|iPhoneSimulator.ActiveCfg = Debug|iPhoneSimulator
		{2F195EC9-3524-44AC-BDE9-0F4503F2CE26}.Debug|iPhoneSimulator.Build.0 = Debug|iPhoneSimulator
		{2F195EC9-3524-44AC-BDE9-0F4503F2CE26}.Release|iPhone.ActiveCfg = Release|iPhone
		{2F195EC9-3524-44AC-BDE9-0F4503F2CE26}.Release|iPhone.Build.0 = Release|iPhone
		{2F195EC9-3524-44AC-BDE9-0F4503F2CE26}.Release|iPhoneSimulator.ActiveCfg = Release|iPhoneSimulator
		{2F195EC9-3524-44AC-BDE9-0F4503F2CE26}.Release|iPhoneSimulator.Build.0 = Release|iPhoneSimulator
		{2F195EC9-3524-44AC-BDE9-0F4503F2CE26}.Debug|iPhone.ActiveCfg = Debug|iPhone
		{2F195EC9-3524-44AC-BDE9-0F4503F2CE26}.Debug|iPhone.Build.0 = Debug|iPhone
		{2F195EC9-3524-44AC-BDE9-0F4503F2CE26}.Release_Delay_Sign|Any CPU.ActiveCfg = Debug|iPhoneSimulator
		{2F195EC9-3524-44AC-BDE9-0F4503F2CE26}.Release_Delay_Sign|Any CPU.Build.0 = Debug|iPhoneSimulator
	EndGlobalSection
	GlobalSection(MonoDevelopProperties) = preSolution
		Policies = $0
		$0.DotNetNamingPolicy = $1
		$1.DirectoryNamespaceAssociation = PrefixedHierarchical
		$1.ResourceNamePolicy = MSBuild
		$0.NameConventionPolicy = $2
		$2.Rules = $3
		$3.NamingRule = $4
		$4.Name = Type Parameters
		$4.AffectedEntity = TypeParameter
		$4.VisibilityMask = VisibilityMask
		$4.NamingStyle = PascalCase
		$4.IncludeInstanceMembers = True
		$4.IncludeStaticEntities = True
		$4.RequiredPrefixes = $5
		$5.String = T
		$4.RequiredSuffixes = $6
		$6.String = Exception
	EndGlobalSection
	GlobalSection(NestedProjects) = preSolution
		{6A2E00E5-A9E7-4F07-9D9C-1E183A4F202F} = {4F595B7D-1EC4-4788-9C3D-7F620498BE7A}
		{E5F51731-7A34-4358-A0B4-5F3B7AA076F4} = {8E43686D-CA1E-4E25-8BC4-914083F92B01}
		{DB7AFF62-3E11-4EC4-889D-0F69991ED0CE} = {8E43686D-CA1E-4E25-8BC4-914083F92B01}
		{8DDB6C32-A49A-47E3-B921-1D66DD89D878} = {8E43686D-CA1E-4E25-8BC4-914083F92B01}
		{7A2322E6-13F4-47B7-9865-B65D8D695F5B} = {8E43686D-CA1E-4E25-8BC4-914083F92B01}
		{8996AB97-5BD3-4DE0-83F3-C63C83171497} = {8E43686D-CA1E-4E25-8BC4-914083F92B01}
		{E1DD214C-D079-461C-AF18-0652CFC77C27} = {62133C0E-5F63-4806-9045-493E7DE66987}
		{979DDEE5-2A68-4D08-A5E7-F4D2BDCAF081} = {62133C0E-5F63-4806-9045-493E7DE66987}
		{2F195EC9-3524-44AC-BDE9-0F4503F2CE26} = {62133C0E-5F63-4806-9045-493E7DE66987}
	EndGlobalSection
EndGlobal
